# This file is autogenerated, do not edit; changes may be undone by the next 'dep ensure'.


[[projects]]
  branch = "master"
  name = "github.com/naoto0822/gss"
  packages = [
    "atom",
    "gss",
    "interfaces",
    "modules",
    "rss1",
    "rss2",
    "session",
    "xmlp"
  ]
  revision = "83c4b23c9adbfce6998b55a282ca04d60bf23f3a"

[solve-meta]
  analyzer-name = "dep"
  analyzer-version = 1
  inputs-digest = "3670a77cab8be263672f7a894c5fcf45595485669e72ab42d18bc93b0df73408"
  solver-name = "gps-cdcl"
  solver-version = 1
